
Microsoft Visual Studio Solution File, Format Version 12.00
# Visual Studio Version 17
VisualStudioVersion = 17.7.34221.43
MinimumVisualStudioVersion = 10.0.40219.1
Project("{FAE04EC0-301F-11D3-BF4B-00C04F79EFBC}") = "eTickets", "eTickets.csproj", "{C14D1D15-D65C-4E5D-867D-E72F3A72E908}"
EndProject
Global
	GlobalSection(SolutionConfigurationPlatforms) = preSolution
		Debug|Any CPU = Debug|Any CPU
		Release|Any CPU = Release|Any CPU
	EndGlobalSection
	GlobalSection(ProjectConfigurationPlatforms) = postSolution
		{C14D1D15-D65C-4E5D-867D-E72F3A72E908}.Debug|Any CPU.ActiveCfg = Debug|Any CPU
		{C14D1D15-D65C-4E5D-867D-E72F3A72E908}.Debug|Any CPU.Build.0 = Debug|Any CPU
		{C14D1D15-D65C-4E5D-867D-E72F3A72E908}.Release|Any CPU.ActiveCfg = Release|Any CPU
		{C14D1D15-D65C-4E5D-867D-E72F3A72E908}.Release|Any CPU.Build.0 = Release|Any CPU
	EndGlobalSection
	GlobalSection(SolutionProperties) = preSolution
		HideSolutionNode = FALSE
	EndGlobalSection
	GlobalSection(ExtensibilityGlobals) = postSolution
		SolutionGuid = {4DF79C9C-18CD-4243-89D2-0384A679769A}
	EndGlobalSection
EndGlobal
